
Microsoft Visual Studio Solution File, Format Version 12.00
# Visual Studio Version 17
VisualStudioVersion = 17.14.36221.1 d17.14
MinimumVisualStudioVersion = 10.0.40219.1
Project("{FAE04EC0-301F-11D3-BF4B-00C04F79EFBC}") = "Crud", "Crud\Crud.csproj", "{E3202D54-B72A-4AA4-AB56-B58E0510769A}"
EndProject
Global
	GlobalSection(SolutionConfigurationPlatforms) = preSolution
		Debug|Any CPU = Debug|Any CPU
		Release|Any CPU = Release|Any CPU
	EndGlobalSection
	GlobalSection(ProjectConfigurationPlatforms) = postSolution
		{E3202D54-B72A-4AA4-AB56-B58E0510769A}.Debug|Any CPU.ActiveCfg = Debug|Any CPU
		{E3202D54-B72A-4AA4-AB56-B58E0510769A}.Debug|Any CPU.Build.0 = Debug|Any CPU
		{E3202D54-B72A-4AA4-AB56-B58E0510769A}.Release|Any CPU.ActiveCfg = Release|Any CPU
		{E3202D54-B72A-4AA4-AB56-B58E0510769A}.Release|Any CPU.Build.0 = Release|Any CPU
	EndGlobalSection
	GlobalSection(SolutionProperties) = preSolution
		HideSolutionNode = FALSE
	EndGlobalSection
	GlobalSection(ExtensibilityGlobals) = postSolution
		SolutionGuid = {5901D12D-2609-40EA-8F4E-F6C7F4EFE6B5}
	EndGlobalSection
EndGlobal
